{
  "name": "wk-frontend",
  "version": "2.7.0",
  "lockfileVersion": 3,
  "requires": true,
  "packages": {
    "": {
      "name": "wk-frontend",
      "version": "2.7.0",
      "dependencies": {
        "@capacitor/android": "^6.0.0",
        "@capacitor/app": "^6.0.0",
        "@capacitor/core": "^6.0.0",
        "@capacitor/geolocation": "^6.0.0",
        "@capacitor/ios": "^6.0.0",
        "@capacitor/preferences": "^6.0.0",
        "@capacitor/push-notifications": "^6.0.0",
        "@capacitor/share": "^6.0.0",
        "@capacitor/splash-screen": "^6.0.0"
      }
    },
    "node_modules/@capacitor/android": {
      "version": "6.1.0",
      "resolved": "https://registry.npmjs.org/@capacitor/android/-/android-6.1.0.tgz",
      "integrity": "sha512-S4PW4N5xtKHTrICjG7bkBhI70jdXbb+8nbm1pJpuXChCD0gkCcofJhPaw4bCoO0egcugBN1U7DkegNw5jWpHcw==",
      "peerDependencies": {
        "@capacitor/core": "^6.1.0"
      }
    },
    "node_modules/@capacitor/app": {
      "version": "6.0.0",
      "resolved": "https://registry.npmjs.org/@capacitor/app/-/app-6.0.0.tgz",
      "integrity": "sha512-X5UGd90Jh5p9rmoPyMqFyFWqOypdJgVJhYcM5X1YyDVJJGzmJ5MuYv1+ajj5DW9Qyh+5a3th9WYptdGby8jidA==",
      "peerDependencies": {
        "@capacitor/core": "^6.0.0"
      }
    },
    "node_modules/@capacitor/core": {
      "version": "6.1.0",
      "resolved": "https://registry.npmjs.org/@capacitor/core/-/core-6.1.0.tgz",
      "integrity": "sha512-Kt4ONm0X9xxJXn9Q73oBaKdzep5B/VJw3VjXa2eGul4cD2k37mJwgjpXSMRnLH0Aju5bCiRL8J/hMAfTlokO6A==",
      "dependencies": {
        "tslib": "^2.1.0"
      }
    },
    "node_modules/@capacitor/geolocation": {
      "version": "6.0.0",
      "resolved": "https://registry.npmjs.org/@capacitor/geolocation/-/geolocation-6.0.0.tgz",
      "integrity": "sha512-8wrZe6gqfZmsCdvOvrqmezi2Pa8Nz6bQUFbDWsjUKHRzs+qreYNXngzhgKO83GEhHvodiJMnoDJrD2JeQt7FZg==",
      "peerDependencies": {
        "@capacitor/core": "^6.0.0"
      }
    },
    "node_modules/@capacitor/ios": {
      "version": "6.1.0",
      "resolved": "https://registry.npmjs.org/@capacitor/ios/-/ios-6.1.0.tgz",
      "integrity": "sha512-ex2q0LAyDDgfJj4fKDQuSNUYSpic3939/8A/sIIIxslwuRBF5i5fuhAngu6BhCt/pQSfEETcHtg2j2vD+YEZ2w==",
      "peerDependencies": {
        "@capacitor/core": "^6.1.0"
      }
    },
    "node_modules/@capacitor/preferences": {
      "version": "6.0.1",
      "resolved": "https://registry.npmjs.org/@capacitor/preferences/-/preferences-6.0.1.tgz",
      "integrity": "sha512-5UvSK3O/tgPcQ1QyX0zYjb0uujFw+PQgYUSt6i2evf609jAIo7QG1IUZzGb6swEPCpk621wEc6R7Yq/Ywa3GPA==",
      "peerDependencies": {
        "@capacitor/core": "^6.0.0"
      }
    },
    "node_modules/@capacitor/push-notifications": {
      "version": "6.0.1",
      "resolved": "https://registry.npmjs.org/@capacitor/push-notifications/-/push-notifications-6.0.1.tgz",
      "integrity": "sha512-NFVAnmBsyuTFScTMUrgOr3EKnCl9etGeXignC2Y5QsOoqjT+fhVhIUco9BR7Bi48JGdvK/evqzwt36LMF82bBw==",
      "peerDependencies": {
        "@capacitor/core": "^6.0.0"
      }
    },
    "node_modules/@capacitor/share": {
      "version": "6.0.1",
      "resolved": "https://registry.npmjs.org/@capacitor/share/-/share-6.0.1.tgz",
      "integrity": "sha512-KQev3omYZ5hgjoZA+NdFZTuFyu1dd/ZIYkE0RnLBB11ZmFEmGRSCYdYtOyqkVxGU1n6FDDqgPPy13CvAZKWNPQ==",
      "peerDependencies": {
        "@capacitor/core": "^6.0.0"
      }
    },
    "node_modules/@capacitor/splash-screen": {
      "version": "6.0.1",
      "resolved": "https://registry.npmjs.org/@capacitor/splash-screen/-/splash-screen-6.0.1.tgz",
      "integrity": "sha512-ndsqq335Mb6NxDrcXsT0PVwomo/UrDN4ykqpu8wY8F3HT4vbr8Hojh5PLqtlTy6TCIIIen58fkEgIoyGPsPSaw==",
      "peerDependencies": {
        "@capacitor/core": "^6.0.0"
      }
    },
    "node_modules/tslib": {
      "version": "2.6.3",
      "resolved": "https://registry.npmjs.org/tslib/-/tslib-2.6.3.tgz",
      "integrity": "sha512-xNvxJEOUiWPGhUuUdQgAJPKOOJfGnIyKySOc09XkKsgdUV/3E2zvwZYdejjmRgPCgcym1juLH3226yA7sEFJKQ=="
    }
  }
}
